
Microsoft Visual Studio Solution File, Format Version 12.00
# Visual Studio Version 17
VisualStudioVersion = 17.12.35424.110
MinimumVisualStudioVersion = 10.0.40219.1
Project("{FAE04EC0-301F-11D3-BF4B-00C04F79EFBC}") = "WarehouseAppR.Server", "WarehouseAppR.Server\WarehouseAppR.Server.csproj", "{52E2423E-6530-4094-A9EF-1DCF1397240F}"
EndProject
Project("{54A90642-561A-4BB1-A94E-469ADEE60C69}") = "warehouseappr.client", "warehouseappr.client\warehouseappr.client.esproj", "{A5201C26-D0E2-4305-963D-B264A7AD615D}"
EndProject
Global
	GlobalSection(SolutionConfigurationPlatforms) = preSolution
		Debug|Any CPU = Debug|Any CPU
		Release|Any CPU = Release|Any CPU
	EndGlobalSection
	GlobalSection(ProjectConfigurationPlatforms) = postSolution
		{52E2423E-6530-4094-A9EF-1DCF1397240F}.Debug|Any CPU.ActiveCfg = Debug|Any CPU
		{52E2423E-6530-4094-A9EF-1DCF1397240F}.Debug|Any CPU.Build.0 = Debug|Any CPU
		{52E2423E-6530-4094-A9EF-1DCF1397240F}.Release|Any CPU.ActiveCfg = Release|Any CPU
		{52E2423E-6530-4094-A9EF-1DCF1397240F}.Release|Any CPU.Build.0 = Release|Any CPU
		{A5201C26-D0E2-4305-963D-B264A7AD615D}.Debug|Any CPU.ActiveCfg = Debug|Any CPU
		{A5201C26-D0E2-4305-963D-B264A7AD615D}.Debug|Any CPU.Build.0 = Debug|Any CPU
		{A5201C26-D0E2-4305-963D-B264A7AD615D}.Debug|Any CPU.Deploy.0 = Debug|Any CPU
		{A5201C26-D0E2-4305-963D-B264A7AD615D}.Release|Any CPU.ActiveCfg = Release|Any CPU
		{A5201C26-D0E2-4305-963D-B264A7AD615D}.Release|Any CPU.Build.0 = Release|Any CPU
		{A5201C26-D0E2-4305-963D-B264A7AD615D}.Release|Any CPU.Deploy.0 = Release|Any CPU
	EndGlobalSection
	GlobalSection(SolutionProperties) = preSolution
		HideSolutionNode = FALSE
	EndGlobalSection
EndGlobal
